
Microsoft Visual Studio Solution File, Format Version 12.00
# Visual Studio Version 17
VisualStudioVersion = 17.4.33213.308
MinimumVisualStudioVersion = 10.0.40219.1
Project("{FAE04EC0-301F-11D3-BF4B-00C04F79EFBC}") = "MiBud.UWP", "MiBud\MiBud.UWP\MiBud.UWP.csproj", "{F41D0E63-63D7-46D8-9F44-04DE92178616}"
EndProject
Project("{FAE04EC0-301F-11D3-BF4B-00C04F79EFBC}") = "MiBud.Android", "MiBud\MiBud.Android\MiBud.Android.csproj", "{93378872-8F2D-43A1-B3C1-CA8332C7856E}"
EndProject
Project("{FAE04EC0-301F-11D3-BF4B-00C04F79EFBC}") = "MiBud.iOS", "MiBud\MiBud.iOS\MiBud.iOS.csproj", "{74C339B9-4AC0-4213-93ED-D15EB63E3584}"
EndProject
Project("{9A19103F-16F7-4668-BE54-9A1E7A4F7556}") = "MiBud", "MiBud\MiBud\MiBud.csproj", "{210D0365-0DFB-40E0-9A44-C3886EE2C218}"
EndProject
Project("{FAE04EC0-301F-11D3-BF4B-00C04F79EFBC}") = "APDiagnosticAndroid", "APDiagnosticAndroid\APDiagnosticAndroid.csproj", "{93BB4EE3-A474-40C1-A722-2FBFD010CDED}"
EndProject
Project("{FAE04EC0-301F-11D3-BF4B-00C04F79EFBC}") = "APDiagnosticsAndroid24", "APDiagnosticsAndroid24\APDiagnosticsAndroid24.csproj", "{F3D9AA9B-D629-417F-B5F4-ACAF58F9DF73}"
EndProject
Project("{FAE04EC0-301F-11D3-BF4B-00C04F79EFBC}") = "APDongleCommAndroid", "APDongleCommAndroid\APDongleCommAndroid.csproj", "{C2A65B08-0C89-4309-B73E-B3BF5E72AEEF}"
EndProject
Project("{9A19103F-16F7-4668-BE54-9A1E7A4F7556}") = "ECUSeedkeyPCL", "ECUSeedkeyPCL\ECUSeedkeyPCL.csproj", "{1B99F7E2-71C5-4727-B1FD-C79AB0CDF9DC}"
EndProject
Project("{9A19103F-16F7-4668-BE54-9A1E7A4F7556}") = "AutoELM327", "AutoELM327\AutoELM327.csproj", "{CD12EA84-6D71-4BAD-A1E1-4BA02F1FBF6E}"
EndProject
Project("{2150E333-8FDC-42A3-9474-1A3956D46DE8}") = "DLLs", "DLLs", "{F2BCDA3C-3DBC-4C7E-AB02-B8EFED648159}"
	ProjectSection(SolutionItems) = preProject
		DLL\Android.UsbSerial.dll = DLL\Android.UsbSerial.dll
		DLL\Mono.Android.dll = DLL\Mono.Android.dll
		DLL\Mono.Android.Export.dll = DLL\Mono.Android.Export.dll
	EndProjectSection
EndProject
Global
	GlobalSection(SolutionConfigurationPlatforms) = preSolution
		Debug|Any CPU = Debug|Any CPU
		Debug|ARM = Debug|ARM
		Debug|iPhone = Debug|iPhone
		Debug|iPhoneSimulator = Debug|iPhoneSimulator
		Debug|x64 = Debug|x64
		Debug|x86 = Debug|x86
		Release|Any CPU = Release|Any CPU
		Release|ARM = Release|ARM
		Release|iPhone = Release|iPhone
		Release|iPhoneSimulator = Release|iPhoneSimulator
		Release|x64 = Release|x64
		Release|x86 = Release|x86
	EndGlobalSection
	GlobalSection(ProjectConfigurationPlatforms) = postSolution
		{F41D0E63-63D7-46D8-9F44-04DE92178616}.Debug|Any CPU.ActiveCfg = Debug|x64
		{F41D0E63-63D7-46D8-9F44-04DE92178616}.Debug|Any CPU.Build.0 = Debug|x64
		{F41D0E63-63D7-46D8-9F44-04DE92178616}.Debug|Any CPU.Deploy.0 = Debug|x64
		{F41D0E63-63D7-46D8-9F44-04DE92178616}.Debug|ARM.ActiveCfg = Debug|ARM
		{F41D0E63-63D7-46D8-9F44-04DE92178616}.Debug|ARM.Build.0 = Debug|ARM
		{F41D0E63-63D7-46D8-9F44-04DE92178616}.Debug|ARM.Deploy.0 = Debug|ARM
		{F41D0E63-63D7-46D8-9F44-04DE92178616}.Debug|iPhone.ActiveCfg = Debug|x64
		{F41D0E63-63D7-46D8-9F44-04DE92178616}.Debug|iPhone.Build.0 = Debug|x64
		{F41D0E63-63D7-46D8-9F44-04DE92178616}.Debug|iPhone.Deploy.0 = Debug|x64
		{F41D0E63-63D7-46D8-9F44-04DE92178616}.Debug|iPhoneSimulator.ActiveCfg = Debug|x64
		{F41D0E63-63D7-46D8-9F44-04DE92178616}.Debug|iPhoneSimulator.Build.0 = Debug|x64
		{F41D0E63-63D7-46D8-9F44-04DE92178616}.Debug|iPhoneSimulator.Deploy.0 = Debug|x64
		{F41D0E63-63D7-46D8-9F44-04DE92178616}.Debug|x64.ActiveCfg = Debug|x64
		{F41D0E63-63D7-46D8-9F44-04DE92178616}.Debug|x64.Build.0 = Debug|x64
		{F41D0E63-63D7-46D8-9F44-04DE92178616}.Debug|x64.Deploy.0 = Debug|x64
		{F41D0E63-63D7-46D8-9F44-04DE92178616}.Debug|x86.ActiveCfg = Debug|x86
		{F41D0E63-63D7-46D8-9F44-04DE92178616}.Debug|x86.Build.0 = Debug|x86
		{F41D0E63-63D7-46D8-9F44-04DE92178616}.Debug|x86.Deploy.0 = Debug|x86
		{F41D0E63-63D7-46D8-9F44-04DE92178616}.Release|Any CPU.ActiveCfg = Release|x64
		{F41D0E63-63D7-46D8-9F44-04DE92178616}.Release|Any CPU.Build.0 = Release|x64
		{F41D0E63-63D7-46D8-9F44-04DE92178616}.Release|Any CPU.Deploy.0 = Release|x64
		{F41D0E63-63D7-46D8-9F44-04DE92178616}.Release|ARM.ActiveCfg = Release|ARM
		{F41D0E63-63D7-46D8-9F44-04DE92178616}.Release|ARM.Build.0 = Release|ARM
		{F41D0E63-63D7-46D8-9F44-04DE92178616}.Release|ARM.Deploy.0 = Release|ARM
		{F41D0E63-63D7-46D8-9F44-04DE92178616}.Release|iPhone.ActiveCfg = Release|x64
		{F41D0E63-63D7-46D8-9F44-04DE92178616}.Release|iPhone.Build.0 = Release|x64
		{F41D0E63-63D7-46D8-9F44-04DE92178616}.Release|iPhone.Deploy.0 = Release|x64
		{F41D0E63-63D7-46D8-9F44-04DE92178616}.Release|iPhoneSimulator.ActiveCfg = Release|x64
		{F41D0E63-63D7-46D8-9F44-04DE92178616}.Release|iPhoneSimulator.Build.0 = Release|x64
		{F41D0E63-63D7-46D8-9F44-04DE92178616}.Release|iPhoneSimulator.Deploy.0 = Release|x64
		{F41D0E63-63D7-46D8-9F44-04DE92178616}.Release|x64.ActiveCfg = Release|x64
		{F41D0E63-63D7-46D8-9F44-04DE92178616}.Release|x64.Build.0 = Release|x64
		{F41D0E63-63D7-46D8-9F44-04DE92178616}.Release|x64.Deploy.0 = Release|x64
		{F41D0E63-63D7-46D8-9F44-04DE92178616}.Release|x86.ActiveCfg = Release|x86
		{F41D0E63-63D7-46D8-9F44-04DE92178616}.Release|x86.Build.0 = Release|x86
		{F41D0E63-63D7-46D8-9F44-04DE92178616}.Release|x86.Deploy.0 = Release|x86
		{93378872-8F2D-43A1-B3C1-CA8332C7856E}.Debug|Any CPU.ActiveCfg = Debug|Any CPU
		{93378872-8F2D-43A1-B3C1-CA8332C7856E}.Debug|Any CPU.Build.0 = Debug|Any CPU
		{93378872-8F2D-43A1-B3C1-CA8332C7856E}.Debug|Any CPU.Deploy.0 = Debug|Any CPU
		{93378872-8F2D-43A1-B3C1-CA8332C7856E}.Debug|ARM.ActiveCfg = Debug|Any CPU
		{93378872-8F2D-43A1-B3C1-CA8332C7856E}.Debug|ARM.Build.0 = Debug|Any CPU
		{93378872-8F2D-43A1-B3C1-CA8332C7856E}.Debug|ARM.Deploy.0 = Debug|Any CPU
		{93378872-8F2D-43A1-B3C1-CA8332C7856E}.Debug|iPhone.ActiveCfg = Debug|Any CPU
		{93378872-8F2D-43A1-B3C1-CA8332C7856E}.Debug|iPhone.Build.0 = Debug|Any CPU
		{93378872-8F2D-43A1-B3C1-CA8332C7856E}.Debug|iPhone.Deploy.0 = Debug|Any CPU
		{93378872-8F2D-43A1-B3C1-CA8332C7856E}.Debug|iPhoneSimulator.ActiveCfg = Debug|Any CPU
		{93378872-8F2D-43A1-B3C1-CA8332C7856E}.Debug|iPhoneSimulator.Build.0 = Debug|Any CPU
		{93378872-8F2D-43A1-B3C1-CA8332C7856E}.Debug|iPhoneSimulator.Deploy.0 = Debug|Any CPU
		{93378872-8F2D-43A1-B3C1-CA8332C7856E}.Debug|x64.ActiveCfg = Debug|Any CPU
		{93378872-8F2D-43A1-B3C1-CA8332C7856E}.Debug|x64.Build.0 = Debug|Any CPU
		{93378872-8F2D-43A1-B3C1-CA8332C7856E}.Debug|x64.Deploy.0 = Debug|Any CPU
		{93378872-8F2D-43A1-B3C1-CA8332C7856E}.Debug|x86.ActiveCfg = Debug|Any CPU
		{93378872-8F2D-43A1-B3C1-CA8332C7856E}.Debug|x86.Build.0 = Debug|Any CPU
		{93378872-8F2D-43A1-B3C1-CA8332C7856E}.Debug|x86.Deploy.0 = Debug|Any CPU
		{93378872-8F2D-43A1-B3C1-CA8332C7856E}.Release|Any CPU.ActiveCfg = Release|Any CPU
		{93378872-8F2D-43A1-B3C1-CA8332C7856E}.Release|Any CPU.Build.0 = Release|Any CPU
		{93378872-8F2D-43A1-B3C1-CA8332C7856E}.Release|Any CPU.Deploy.0 = Release|Any CPU
		{93378872-8F2D-43A1-B3C1-CA8332C7856E}.Release|ARM.ActiveCfg = Release|Any CPU
		{93378872-8F2D-43A1-B3C1-CA8332C7856E}.Release|ARM.Build.0 = Release|Any CPU
		{93378872-8F2D-43A1-B3C1-CA8332C7856E}.Release|ARM.Deploy.0 = Release|Any CPU
		{93378872-8F2D-43A1-B3C1-CA8332C7856E}.Release|iPhone.ActiveCfg = Release|Any CPU
		{93378872-8F2D-43A1-B3C1-CA8332C7856E}.Release|iPhone.Build.0 = Release|Any CPU
		{93378872-8F2D-43A1-B3C1-CA8332C7856E}.Release|iPhone.Deploy.0 = Release|Any CPU
		{93378872-8F2D-43A1-B3C1-CA8332C7856E}.Release|iPhoneSimulator.ActiveCfg = Release|Any CPU
		{93378872-8F2D-43A1-B3C1-CA8332C7856E}.Release|iPhoneSimulator.Build.0 = Release|Any CPU
		{93378872-8F2D-43A1-B3C1-CA8332C7856E}.Release|iPhoneSimulator.Deploy.0 = Release|Any CPU
		{93378872-8F2D-43A1-B3C1-CA8332C7856E}.Release|x64.ActiveCfg = Release|Any CPU
		{93378872-8F2D-43A1-B3C1-CA8332C7856E}.Release|x64.Build.0 = Release|Any CPU
		{93378872-8F2D-43A1-B3C1-CA8332C7856E}.Release|x64.Deploy.0 = Release|Any CPU
		{93378872-8F2D-43A1-B3C1-CA8332C7856E}.Release|x86.ActiveCfg = Release|Any CPU
		{93378872-8F2D-43A1-B3C1-CA8332C7856E}.Release|x86.Build.0 = Release|Any CPU
		{93378872-8F2D-43A1-B3C1-CA8332C7856E}.Release|x86.Deploy.0 = Release|Any CPU
		{74C339B9-4AC0-4213-93ED-D15EB63E3584}.Debug|Any CPU.ActiveCfg = Debug|iPhoneSimulator
		{74C339B9-4AC0-4213-93ED-D15EB63E3584}.Debug|Any CPU.Build.0 = Debug|iPhoneSimulator
		{74C339B9-4AC0-4213-93ED-D15EB63E3584}.Debug|Any CPU.Deploy.0 = Debug|iPhoneSimulator
		{74C339B9-4AC0-4213-93ED-D15EB63E3584}.Debug|ARM.ActiveCfg = Debug|iPhoneSimulator
		{74C339B9-4AC0-4213-93ED-D15EB63E3584}.Debug|ARM.Build.0 = Debug|iPhoneSimulator
		{74C339B9-4AC0-4213-93ED-D15EB63E3584}.Debug|ARM.Deploy.0 = Debug|iPhoneSimulator
		{74C339B9-4AC0-4213-93ED-D15EB63E3584}.Debug|iPhone.ActiveCfg = Debug|iPhone
		{74C339B9-4AC0-4213-93ED-D15EB63E3584}.Debug|iPhone.Build.0 = Debug|iPhone
		{74C339B9-4AC0-4213-93ED-D15EB63E3584}.Debug|iPhone.Deploy.0 = Debug|iPhone
		{74C339B9-4AC0-4213-93ED-D15EB63E3584}.Debug|iPhoneSimulator.ActiveCfg = Debug|iPhoneSimulator
		{74C339B9-4AC0-4213-93ED-D15EB63E3584}.Debug|iPhoneSimulator.Build.0 = Debug|iPhoneSimulator
		{74C339B9-4AC0-4213-93ED-D15EB63E3584}.Debug|iPhoneSimulator.Deploy.0 = Debug|iPhoneSimulator
		{74C339B9-4AC0-4213-93ED-D15EB63E3584}.Debug|x64.ActiveCfg = Debug|iPhone
		{74C339B9-4AC0-4213-93ED-D15EB63E3584}.Debug|x64.Build.0 = Debug|iPhone
		{74C339B9-4AC0-4213-93ED-D15EB63E3584}.Debug|x64.Deploy.0 = Debug|iPhone
		{74C339B9-4AC0-4213-93ED-D15EB63E3584}.Debug|x86.ActiveCfg = Debug|iPhoneSimulator
		{74C339B9-4AC0-4213-93ED-D15EB63E3584}.Debug|x86.Build.0 = Debug|iPhoneSimulator
		{74C339B9-4AC0-4213-93ED-D15EB63E3584}.Debug|x86.Deploy.0 = Debug|iPhoneSimulator
		{74C339B9-4AC0-4213-93ED-D15EB63E3584}.Release|Any CPU.ActiveCfg = Release|iPhoneSimulator
		{74C339B9-4AC0-4213-93ED-D15EB63E3584}.Release|Any CPU.Build.0 = Release|iPhoneSimulator
		{74C339B9-4AC0-4213-93ED-D15EB63E3584}.Release|Any CPU.Deploy.0 = Release|iPhoneSimulator
		{74C339B9-4AC0-4213-93ED-D15EB63E3584}.Release|ARM.ActiveCfg = Release|iPhoneSimulator
		{74C339B9-4AC0-4213-93ED-D15EB63E3584}.Release|ARM.Build.0 = Release|iPhoneSimulator
		{74C339B9-4AC0-4213-93ED-D15EB63E3584}.Release|ARM.Deploy.0 = Release|iPhoneSimulator
		{74C339B9-4AC0-4213-93ED-D15EB63E3584}.Release|iPhone.ActiveCfg = Release|iPhone
		{74C339B9-4AC0-4213-93ED-D15EB63E3584}.Release|iPhone.Build.0 = Release|iPhone
		{74C339B9-4AC0-4213-93ED-D15EB63E3584}.Release|iPhone.Deploy.0 = Release|iPhone
		{74C339B9-4AC0-4213-93ED-D15EB63E3584}.Release|iPhoneSimulator.ActiveCfg = Release|iPhoneSimulator
		{74C339B9-4AC0-4213-93ED-D15EB63E3584}.Release|iPhoneSimulator.Build.0 = Release|iPhoneSimulator
		{74C339B9-4AC0-4213-93ED-D15EB63E3584}.Release|iPhoneSimulator.Deploy.0 = Release|iPhoneSimulator
		{74C339B9-4AC0-4213-93ED-D15EB63E3584}.Release|x64.ActiveCfg = Release|iPhoneSimulator
		{74C339B9-4AC0-4213-93ED-D15EB63E3584}.Release|x64.Build.0 = Release|iPhoneSimulator
		{74C339B9-4AC0-4213-93ED-D15EB63E3584}.Release|x64.Deploy.0 = Release|iPhoneSimulator
		{74C339B9-4AC0-4213-93ED-D15EB63E3584}.Release|x86.ActiveCfg = Release|iPhoneSimulator
		{74C339B9-4AC0-4213-93ED-D15EB63E3584}.Release|x86.Build.0 = Release|iPhoneSimulator
		{74C339B9-4AC0-4213-93ED-D15EB63E3584}.Release|x86.Deploy.0 = Release|iPhoneSimulator
		{210D0365-0DFB-40E0-9A44-C3886EE2C218}.Debug|Any CPU.ActiveCfg = Debug|Any CPU
		{210D0365-0DFB-40E0-9A44-C3886EE2C218}.Debug|Any CPU.Build.0 = Debug|Any CPU
		{210D0365-0DFB-40E0-9A44-C3886EE2C218}.Debug|Any CPU.Deploy.0 = Debug|Any CPU
		{210D0365-0DFB-40E0-9A44-C3886EE2C218}.Debug|ARM.ActiveCfg = Debug|Any CPU
		{210D0365-0DFB-40E0-9A44-C3886EE2C218}.Debug|ARM.Build.0 = Debug|Any CPU
		{210D0365-0DFB-40E0-9A44-C3886EE2C218}.Debug|ARM.Deploy.0 = Debug|Any CPU
		{210D0365-0DFB-40E0-9A44-C3886EE2C218}.Debug|iPhone.ActiveCfg = Debug|Any CPU
		{210D0365-0DFB-40E0-9A44-C3886EE2C218}.Debug|iPhone.Build.0 = Debug|Any CPU
		{210D0365-0DFB-40E0-9A44-C3886EE2C218}.Debug|iPhone.Deploy.0 = Debug|Any CPU
		{210D0365-0DFB-40E0-9A44-C3886EE2C218}.Debug|iPhoneSimulator.ActiveCfg = Debug|Any CPU
		{210D0365-0DFB-40E0-9A44-C3886EE2C218}.Debug|iPhoneSimulator.Build.0 = Debug|Any CPU
		{210D0365-0DFB-40E0-9A44-C3886EE2C218}.Debug|iPhoneSimulator.Deploy.0 = Debug|Any CPU
		{210D0365-0DFB-40E0-9A44-C3886EE2C218}.Debug|x64.ActiveCfg = Debug|Any CPU
		{210D0365-0DFB-40E0-9A44-C3886EE2C218}.Debug|x64.Build.0 = Debug|Any CPU
		{210D0365-0DFB-40E0-9A44-C3886EE2C218}.Debug|x64.Deploy.0 = Debug|Any CPU
		{210D0365-0DFB-40E0-9A44-C3886EE2C218}.Debug|x86.ActiveCfg = Debug|Any CPU
		{210D0365-0DFB-40E0-9A44-C3886EE2C218}.Debug|x86.Build.0 = Debug|Any CPU
		{210D0365-0DFB-40E0-9A44-C3886EE2C218}.Debug|x86.Deploy.0 = Debug|Any CPU
		{210D0365-0DFB-40E0-9A44-C3886EE2C218}.Release|Any CPU.ActiveCfg = Release|Any CPU
		{210D0365-0DFB-40E0-9A44-C3886EE2C218}.Release|Any CPU.Build.0 = Release|Any CPU
		{210D0365-0DFB-40E0-9A44-C3886EE2C218}.Release|Any CPU.Deploy.0 = Release|Any CPU
		{210D0365-0DFB-40E0-9A44-C3886EE2C218}.Release|ARM.ActiveCfg = Release|Any CPU
		{210D0365-0DFB-40E0-9A44-C3886EE2C218}.Release|ARM.Build.0 = Release|Any CPU
		{210D0365-0DFB-40E0-9A44-C3886EE2C218}.Release|ARM.Deploy.0 = Release|Any CPU
		{210D0365-0DFB-40E0-9A44-C3886EE2C218}.Release|iPhone.ActiveCfg = Release|Any CPU
		{210D0365-0DFB-40E0-9A44-C3886EE2C218}.Release|iPhone.Build.0 = Release|Any CPU
		{210D0365-0DFB-40E0-9A44-C3886EE2C218}.Release|iPhone.Deploy.0 = Release|Any CPU
		{210D0365-0DFB-40E0-9A44-C3886EE2C218}.Release|iPhoneSimulator.ActiveCfg = Release|Any CPU
		{210D0365-0DFB-40E0-9A44-C3886EE2C218}.Release|iPhoneSimulator.Build.0 = Release|Any CPU
		{210D0365-0DFB-40E0-9A44-C3886EE2C218}.Release|iPhoneSimulator.Deploy.0 = Release|Any CPU
		{210D0365-0DFB-40E0-9A44-C3886EE2C218}.Release|x64.ActiveCfg = Release|Any CPU
		{210D0365-0DFB-40E0-9A44-C3886EE2C218}.Release|x64.Build.0 = Release|Any CPU
		{210D0365-0DFB-40E0-9A44-C3886EE2C218}.Release|x64.Deploy.0 = Release|Any CPU
		{210D0365-0DFB-40E0-9A44-C3886EE2C218}.Release|x86.ActiveCfg = Release|Any CPU
		{210D0365-0DFB-40E0-9A44-C3886EE2C218}.Release|x86.Build.0 = Release|Any CPU
		{210D0365-0DFB-40E0-9A44-C3886EE2C218}.Release|x86.Deploy.0 = Release|Any CPU
		{93BB4EE3-A474-40C1-A722-2FBFD010CDED}.Debug|Any CPU.ActiveCfg = Debug|Any CPU
		{93BB4EE3-A474-40C1-A722-2FBFD010CDED}.Debug|Any CPU.Build.0 = Debug|Any CPU
		{93BB4EE3-A474-40C1-A722-2FBFD010CDED}.Debug|ARM.ActiveCfg = Debug|Any CPU
		{93BB4EE3-A474-40C1-A722-2FBFD010CDED}.Debug|ARM.Build.0 = Debug|Any CPU
		{93BB4EE3-A474-40C1-A722-2FBFD010CDED}.Debug|iPhone.ActiveCfg = Debug|Any CPU
		{93BB4EE3-A474-40C1-A722-2FBFD010CDED}.Debug|iPhone.Build.0 = Debug|Any CPU
		{93BB4EE3-A474-40C1-A722-2FBFD010CDED}.Debug|iPhoneSimulator.ActiveCfg = Debug|Any CPU
		{93BB4EE3-A474-40C1-A722-2FBFD010CDED}.Debug|iPhoneSimulator.Build.0 = Debug|Any CPU
		{93BB4EE3-A474-40C1-A722-2FBFD010CDED}.Debug|x64.ActiveCfg = Debug|Any CPU
		{93BB4EE3-A474-40C1-A722-2FBFD010CDED}.Debug|x64.Build.0 = Debug|Any CPU
		{93BB4EE3-A474-40C1-A722-2FBFD010CDED}.Debug|x86.ActiveCfg = Debug|Any CPU
		{93BB4EE3-A474-40C1-A722-2FBFD010CDED}.Debug|x86.Build.0 = Debug|Any CPU
		{93BB4EE3-A474-40C1-A722-2FBFD010CDED}.Release|Any CPU.ActiveCfg = Release|Any CPU
		{93BB4EE3-A474-40C1-A722-2FBFD010CDED}.Release|Any CPU.Build.0 = Release|Any CPU
		{93BB4EE3-A474-40C1-A722-2FBFD010CDED}.Release|ARM.ActiveCfg = Release|Any CPU
		{93BB4EE3-A474-40C1-A722-2FBFD010CDED}.Release|ARM.Build.0 = Release|Any CPU
		{93BB4EE3-A474-40C1-A722-2FBFD010CDED}.Release|iPhone.ActiveCfg = Release|Any CPU
		{93BB4EE3-A474-40C1-A722-2FBFD010CDED}.Release|iPhone.Build.0 = Release|Any CPU
		{93BB4EE3-A474-40C1-A722-2FBFD010CDED}.Release|iPhoneSimulator.ActiveCfg = Release|Any CPU
		{93BB4EE3-A474-40C1-A722-2FBFD010CDED}.Release|iPhoneSimulator.Build.0 = Release|Any CPU
		{93BB4EE3-A474-40C1-A722-2FBFD010CDED}.Release|x64.ActiveCfg = Release|Any CPU
		{93BB4EE3-A474-40C1-A722-2FBFD010CDED}.Release|x64.Build.0 = Release|Any CPU
		{93BB4EE3-A474-40C1-A722-2FBFD010CDED}.Release|x86.ActiveCfg = Release|Any CPU
		{93BB4EE3-A474-40C1-A722-2FBFD010CDED}.Release|x86.Build.0 = Release|Any CPU
		{F3D9AA9B-D629-417F-B5F4-ACAF58F9DF73}.Debug|Any CPU.ActiveCfg = Debug|Any CPU
		{F3D9AA9B-D629-417F-B5F4-ACAF58F9DF73}.Debug|Any CPU.Build.0 = Debug|Any CPU
		{F3D9AA9B-D629-417F-B5F4-ACAF58F9DF73}.Debug|ARM.ActiveCfg = Debug|Any CPU
		{F3D9AA9B-D629-417F-B5F4-ACAF58F9DF73}.Debug|ARM.Build.0 = Debug|Any CPU
		{F3D9AA9B-D629-417F-B5F4-ACAF58F9DF73}.Debug|iPhone.ActiveCfg = Debug|Any CPU
		{F3D9AA9B-D629-417F-B5F4-ACAF58F9DF73}.Debug|iPhone.Build.0 = Debug|Any CPU
		{F3D9AA9B-D629-417F-B5F4-ACAF58F9DF73}.Debug|iPhoneSimulator.ActiveCfg = Debug|Any CPU
		{F3D9AA9B-D629-417F-B5F4-ACAF58F9DF73}.Debug|iPhoneSimulator.Build.0 = Debug|Any CPU
		{F3D9AA9B-D629-417F-B5F4-ACAF58F9DF73}.Debug|x64.ActiveCfg = Debug|Any CPU
		{F3D9AA9B-D629-417F-B5F4-ACAF58F9DF73}.Debug|x64.Build.0 = Debug|Any CPU
		{F3D9AA9B-D629-417F-B5F4-ACAF58F9DF73}.Debug|x86.ActiveCfg = Debug|Any CPU
		{F3D9AA9B-D629-417F-B5F4-ACAF58F9DF73}.Debug|x86.Build.0 = Debug|Any CPU
		{F3D9AA9B-D629-417F-B5F4-ACAF58F9DF73}.Release|Any CPU.ActiveCfg = Release|Any CPU
		{F3D9AA9B-D629-417F-B5F4-ACAF58F9DF73}.Release|Any CPU.Build.0 = Release|Any CPU
		{F3D9AA9B-D629-417F-B5F4-ACAF58F9DF73}.Release|ARM.ActiveCfg = Release|Any CPU
		{F3D9AA9B-D629-417F-B5F4-ACAF58F9DF73}.Release|ARM.Build.0 = Release|Any CPU
		{F3D9AA9B-D629-417F-B5F4-ACAF58F9DF73}.Release|iPhone.ActiveCfg = Release|Any CPU
		{F3D9AA9B-D629-417F-B5F4-ACAF58F9DF73}.Release|iPhone.Build.0 = Release|Any CPU
		{F3D9AA9B-D629-417F-B5F4-ACAF58F9DF73}.Release|iPhoneSimulator.ActiveCfg = Release|Any CPU
		{F3D9AA9B-D629-417F-B5F4-ACAF58F9DF73}.Release|iPhoneSimulator.Build.0 = Release|Any CPU
		{F3D9AA9B-D629-417F-B5F4-ACAF58F9DF73}.Release|x64.ActiveCfg = Release|Any CPU
		{F3D9AA9B-D629-417F-B5F4-ACAF58F9DF73}.Release|x64.Build.0 = Release|Any CPU
		{F3D9AA9B-D629-417F-B5F4-ACAF58F9DF73}.Release|x86.ActiveCfg = Release|Any CPU
		{F3D9AA9B-D629-417F-B5F4-ACAF58F9DF73}.Release|x86.Build.0 = Release|Any CPU
		{C2A65B08-0C89-4309-B73E-B3BF5E72AEEF}.Debug|Any CPU.ActiveCfg = Debug|Any CPU
		{C2A65B08-0C89-4309-B73E-B3BF5E72AEEF}.Debug|Any CPU.Build.0 = Debug|Any CPU
		{C2A65B08-0C89-4309-B73E-B3BF5E72AEEF}.Debug|ARM.ActiveCfg = Debug|Any CPU
		{C2A65B08-0C89-4309-B73E-B3BF5E72AEEF}.Debug|ARM.Build.0 = Debug|Any CPU
		{C2A65B08-0C89-4309-B73E-B3BF5E72AEEF}.Debug|iPhone.ActiveCfg = Debug|Any CPU
		{C2A65B08-0C89-4309-B73E-B3BF5E72AEEF}.Debug|iPhone.Build.0 = Debug|Any CPU
		{C2A65B08-0C89-4309-B73E-B3BF5E72AEEF}.Debug|iPhoneSimulator.ActiveCfg = Debug|Any CPU
		{C2A65B08-0C89-4309-B73E-B3BF5E72AEEF}.Debug|iPhoneSimulator.Build.0 = Debug|Any CPU
		{C2A65B08-0C89-4309-B73E-B3BF5E72AEEF}.Debug|x64.ActiveCfg = Debug|Any CPU
		{C2A65B08-0C89-4309-B73E-B3BF5E72AEEF}.Debug|x64.Build.0 = Debug|Any CPU
		{C2A65B08-0C89-4309-B73E-B3BF5E72AEEF}.Debug|x86.ActiveCfg = Debug|Any CPU
		{C2A65B08-0C89-4309-B73E-B3BF5E72AEEF}.Debug|x86.Build.0 = Debug|Any CPU
		{C2A65B08-0C89-4309-B73E-B3BF5E72AEEF}.Release|Any CPU.ActiveCfg = Release|Any CPU
		{C2A65B08-0C89-4309-B73E-B3BF5E72AEEF}.Release|Any CPU.Build.0 = Release|Any CPU
		{C2A65B08-0C89-4309-B73E-B3BF5E72AEEF}.Release|ARM.ActiveCfg = Release|Any CPU
		{C2A65B08-0C89-4309-B73E-B3BF5E72AEEF}.Release|ARM.Build.0 = Release|Any CPU
		{C2A65B08-0C89-4309-B73E-B3BF5E72AEEF}.Release|iPhone.ActiveCfg = Release|Any CPU
		{C2A65B08-0C89-4309-B73E-B3BF5E72AEEF}.Release|iPhone.Build.0 = Release|Any CPU
		{C2A65B08-0C89-4309-B73E-B3BF5E72AEEF}.Release|iPhoneSimulator.ActiveCfg = Release|Any CPU
		{C2A65B08-0C89-4309-B73E-B3BF5E72AEEF}.Release|iPhoneSimulator.Build.0 = Release|Any CPU
		{C2A65B08-0C89-4309-B73E-B3BF5E72AEEF}.Release|x64.ActiveCfg = Release|Any CPU
		{C2A65B08-0C89-4309-B73E-B3BF5E72AEEF}.Release|x64.Build.0 = Release|Any CPU
		{C2A65B08-0C89-4309-B73E-B3BF5E72AEEF}.Release|x86.ActiveCfg = Release|Any CPU
		{C2A65B08-0C89-4309-B73E-B3BF5E72AEEF}.Release|x86.Build.0 = Release|Any CPU
		{1B99F7E2-71C5-4727-B1FD-C79AB0CDF9DC}.Debug|Any CPU.ActiveCfg = Debug|Any CPU
		{1B99F7E2-71C5-4727-B1FD-C79AB0CDF9DC}.Debug|Any CPU.Build.0 = Debug|Any CPU
		{1B99F7E2-71C5-4727-B1FD-C79AB0CDF9DC}.Debug|ARM.ActiveCfg = Debug|Any CPU
		{1B99F7E2-71C5-4727-B1FD-C79AB0CDF9DC}.Debug|ARM.Build.0 = Debug|Any CPU
		{1B99F7E2-71C5-4727-B1FD-C79AB0CDF9DC}.Debug|iPhone.ActiveCfg = Debug|Any CPU
		{1B99F7E2-71C5-4727-B1FD-C79AB0CDF9DC}.Debug|iPhone.Build.0 = Debug|Any CPU
		{1B99F7E2-71C5-4727-B1FD-C79AB0CDF9DC}.Debug|iPhoneSimulator.ActiveCfg = Debug|Any CPU
		{1B99F7E2-71C5-4727-B1FD-C79AB0CDF9DC}.Debug|iPhoneSimulator.Build.0 = Debug|Any CPU
		{1B99F7E2-71C5-4727-B1FD-C79AB0CDF9DC}.Debug|x64.ActiveCfg = Debug|Any CPU
		{1B99F7E2-71C5-4727-B1FD-C79AB0CDF9DC}.Debug|x64.Build.0 = Debug|Any CPU
		{1B99F7E2-71C5-4727-B1FD-C79AB0CDF9DC}.Debug|x86.ActiveCfg = Debug|Any CPU
		{1B99F7E2-71C5-4727-B1FD-C79AB0CDF9DC}.Debug|x86.Build.0 = Debug|Any CPU
		{1B99F7E2-71C5-4727-B1FD-C79AB0CDF9DC}.Release|Any CPU.ActiveCfg = Release|Any CPU
		{1B99F7E2-71C5-4727-B1FD-C79AB0CDF9DC}.Release|Any CPU.Build.0 = Release|Any CPU
		{1B99F7E2-71C5-4727-B1FD-C79AB0CDF9DC}.Release|ARM.ActiveCfg = Release|Any CPU
		{1B99F7E2-71C5-4727-B1FD-C79AB0CDF9DC}.Release|ARM.Build.0 = Release|Any CPU
		{1B99F7E2-71C5-4727-B1FD-C79AB0CDF9DC}.Release|iPhone.ActiveCfg = Release|Any CPU
		{1B99F7E2-71C5-4727-B1FD-C79AB0CDF9DC}.Release|iPhone.Build.0 = Release|Any CPU
		{1B99F7E2-71C5-4727-B1FD-C79AB0CDF9DC}.Release|iPhoneSimulator.ActiveCfg = Release|Any CPU
		{1B99F7E2-71C5-4727-B1FD-C79AB0CDF9DC}.Release|iPhoneSimulator.Build.0 = Release|Any CPU
		{1B99F7E2-71C5-4727-B1FD-C79AB0CDF9DC}.Release|x64.ActiveCfg = Release|Any CPU
		{1B99F7E2-71C5-4727-B1FD-C79AB0CDF9DC}.Release|x64.Build.0 = Release|Any CPU
		{1B99F7E2-71C5-4727-B1FD-C79AB0CDF9DC}.Release|x86.ActiveCfg = Release|Any CPU
		{1B99F7E2-71C5-4727-B1FD-C79AB0CDF9DC}.Release|x86.Build.0 = Release|Any CPU
		{CD12EA84-6D71-4BAD-A1E1-4BA02F1FBF6E}.Debug|Any CPU.ActiveCfg = Debug|Any CPU
		{CD12EA84-6D71-4BAD-A1E1-4BA02F1FBF6E}.Debug|Any CPU.Build.0 = Debug|Any CPU
		{CD12EA84-6D71-4BAD-A1E1-4BA02F1FBF6E}.Debug|ARM.ActiveCfg = Debug|Any CPU
		{CD12EA84-6D71-4BAD-A1E1-4BA02F1FBF6E}.Debug|ARM.Build.0 = Debug|Any CPU
		{CD12EA84-6D71-4BAD-A1E1-4BA02F1FBF6E}.Debug|iPhone.ActiveCfg = Debug|Any CPU
		{CD12EA84-6D71-4BAD-A1E1-4BA02F1FBF6E}.Debug|iPhone.Build.0 = Debug|Any CPU
		{CD12EA84-6D71-4BAD-A1E1-4BA02F1FBF6E}.Debug|iPhoneSimulator.ActiveCfg = Debug|Any CPU
		{CD12EA84-6D71-4BAD-A1E1-4BA02F1FBF6E}.Debug|iPhoneSimulator.Build.0 = Debug|Any CPU
		{CD12EA84-6D71-4BAD-A1E1-4BA02F1FBF6E}.Debug|x64.ActiveCfg = Debug|Any CPU
		{CD12EA84-6D71-4BAD-A1E1-4BA02F1FBF6E}.Debug|x64.Build.0 = Debug|Any CPU
		{CD12EA84-6D71-4BAD-A1E1-4BA02F1FBF6E}.Debug|x86.ActiveCfg = Debug|Any CPU
		{CD12EA84-6D71-4BAD-A1E1-4BA02F1FBF6E}.Debug|x86.Build.0 = Debug|Any CPU
		{CD12EA84-6D71-4BAD-A1E1-4BA02F1FBF6E}.Release|Any CPU.ActiveCfg = Release|Any CPU
		{CD12EA84-6D71-4BAD-A1E1-4BA02F1FBF6E}.Release|Any CPU.Build.0 = Release|Any CPU
		{CD12EA84-6D71-4BAD-A1E1-4BA02F1FBF6E}.Release|ARM.ActiveCfg = Release|Any CPU
		{CD12EA84-6D71-4BAD-A1E1-4BA02F1FBF6E}.Release|ARM.Build.0 = Release|Any CPU
		{CD12EA84-6D71-4BAD-A1E1-4BA02F1FBF6E}.Release|iPhone.ActiveCfg = Release|Any CPU
		{CD12EA84-6D71-4BAD-A1E1-4BA02F1FBF6E}.Release|iPhone.Build.0 = Release|Any CPU
		{CD12EA84-6D71-4BAD-A1E1-4BA02F1FBF6E}.Release|iPhoneSimulator.ActiveCfg = Release|Any CPU
		{CD12EA84-6D71-4BAD-A1E1-4BA02F1FBF6E}.Release|iPhoneSimulator.Build.0 = Release|Any CPU
		{CD12EA84-6D71-4BAD-A1E1-4BA02F1FBF6E}.Release|x64.ActiveCfg = Release|Any CPU
		{CD12EA84-6D71-4BAD-A1E1-4BA02F1FBF6E}.Release|x64.Build.0 = Release|Any CPU
		{CD12EA84-6D71-4BAD-A1E1-4BA02F1FBF6E}.Release|x86.ActiveCfg = Release|Any CPU
		{CD12EA84-6D71-4BAD-A1E1-4BA02F1FBF6E}.Release|x86.Build.0 = Release|Any CPU
	EndGlobalSection
	GlobalSection(SolutionProperties) = preSolution
		HideSolutionNode = FALSE
	EndGlobalSection
	GlobalSection(ExtensibilityGlobals) = postSolution
		SolutionGuid = {1101485D-FA54-413E-BB3C-397CF6A4A606}
	EndGlobalSection
EndGlobal
